{
  "name": "kick-and-chill-hub",
  "version": "1.0.0",
  "lockfileVersion": 3,
  "requires": true,
  "packages": {
    "": {
      "name": "kick-and-chill-hub",
      "version": "1.0.0",
      "dependencies": {
        "get-port": "^7.2.0"
      }
    },
    "node_modules/get-port": {
      "version": "7.2.0",
      "resolved": "https://registry.npmjs.org/get-port/-/get-port-7.2.0.tgz",
      "integrity": "sha512-afP4W205ONCuMoPBqcR6PSXnzX35KTcJygfJfcp+QY+uwm3p20p1YczWXhlICIzGMCxYBQcySEcOgsJcrkyobg==",
      "license": "MIT",
      "engines": {
        "node": ">=16"
      },
      "funding": {
        "url": "https://github.com/sponsors/sindresorhus"
      }
    }
  }
}
